
Microsoft Visual Studio Solution File, Format Version 12.00
# Visual Studio Version 16
VisualStudioVersion = 16.0.30804.86
MinimumVisualStudioVersion = 10.0.40219.1
Project("{FAE04EC0-301F-11D3-BF4B-00C04F79EFBC}") = "dotNet5781_00_5638", "dotNet5781_00_5638\dotNet5781_00_5638.csproj", "{F3A00925-2595-4B48-9A0D-01E5B609E775}"
EndProject
Project("{FAE04EC0-301F-11D3-BF4B-00C04F79EFBC}") = "dotNet5781_01_5638", "dotNet5781_01_5638\dotNet5781_01_5638.csproj", "{C6A8A7DA-D28C-4127-A573-C87121389CCC}"
EndProject
Project("{FAE04EC0-301F-11D3-BF4B-00C04F79EFBC}") = "dotNet5781_02_5638", "dotNet5781_02_5638\dotNet5781_02_5638.csproj", "{21955C14-B0A5-46B5-9222-0590DB5BA286}"
EndProject
Project("{9A19103F-16F7-4668-BE54-9A1E7A4F7556}") = "dotNet5781_03A_5638", "dotNet5781_03A_5638\dotNet5781_03A_5638.csproj", "{AEB092C9-27D4-4782-B39C-3FBE80F07B92}"
EndProject
Project("{9A19103F-16F7-4668-BE54-9A1E7A4F7556}") = "dotNet5781_03B_5638", "dotNet5781_03B_5638\dotNet5781_03B_5638.csproj", "{967F5C60-C30F-4143-AD76-D73393AAE923}"
EndProject
Project("{9A19103F-16F7-4668-BE54-9A1E7A4F7556}") = "PL", "PL\PL.csproj", "{9032C331-0F03-4B2D-A6ED-CC49C314DEF7}"
EndProject
Project("{9A19103F-16F7-4668-BE54-9A1E7A4F7556}") = "BL", "BL\BL.csproj", "{9B3E0039-EC6A-4F0A-81D9-75542345F7E0}"
EndProject
Project("{9A19103F-16F7-4668-BE54-9A1E7A4F7556}") = "DAL", "DL\DAL.csproj", "{1E6071A1-27C4-4014-ACFD-B85816E5725A}"
EndProject
Global
	GlobalSection(SolutionConfigurationPlatforms) = preSolution
		Debug|Any CPU = Debug|Any CPU
		Release|Any CPU = Release|Any CPU
	EndGlobalSection
	GlobalSection(ProjectConfigurationPlatforms) = postSolution
		{F3A00925-2595-4B48-9A0D-01E5B609E775}.Debug|Any CPU.ActiveCfg = Debug|Any CPU
		{F3A00925-2595-4B48-9A0D-01E5B609E775}.Debug|Any CPU.Build.0 = Debug|Any CPU
		{F3A00925-2595-4B48-9A0D-01E5B609E775}.Release|Any CPU.ActiveCfg = Release|Any CPU
		{F3A00925-2595-4B48-9A0D-01E5B609E775}.Release|Any CPU.Build.0 = Release|Any CPU
		{C6A8A7DA-D28C-4127-A573-C87121389CCC}.Debug|Any CPU.ActiveCfg = Debug|Any CPU
		{C6A8A7DA-D28C-4127-A573-C87121389CCC}.Debug|Any CPU.Build.0 = Debug|Any CPU
		{C6A8A7DA-D28C-4127-A573-C87121389CCC}.Release|Any CPU.ActiveCfg = Release|Any CPU
		{C6A8A7DA-D28C-4127-A573-C87121389CCC}.Release|Any CPU.Build.0 = Release|Any CPU
		{21955C14-B0A5-46B5-9222-0590DB5BA286}.Debug|Any CPU.ActiveCfg = Debug|Any CPU
		{21955C14-B0A5-46B5-9222-0590DB5BA286}.Debug|Any CPU.Build.0 = Debug|Any CPU
		{21955C14-B0A5-46B5-9222-0590DB5BA286}.Release|Any CPU.ActiveCfg = Release|Any CPU
		{21955C14-B0A5-46B5-9222-0590DB5BA286}.Release|Any CPU.Build.0 = Release|Any CPU
		{AEB092C9-27D4-4782-B39C-3FBE80F07B92}.Debug|Any CPU.ActiveCfg = Debug|Any CPU
		{AEB092C9-27D4-4782-B39C-3FBE80F07B92}.Debug|Any CPU.Build.0 = Debug|Any CPU
		{AEB092C9-27D4-4782-B39C-3FBE80F07B92}.Release|Any CPU.ActiveCfg = Release|Any CPU
		{AEB092C9-27D4-4782-B39C-3FBE80F07B92}.Release|Any CPU.Build.0 = Release|Any CPU
		{967F5C60-C30F-4143-AD76-D73393AAE923}.Debug|Any CPU.ActiveCfg = Debug|Any CPU
		{967F5C60-C30F-4143-AD76-D73393AAE923}.Debug|Any CPU.Build.0 = Debug|Any CPU
		{967F5C60-C30F-4143-AD76-D73393AAE923}.Release|Any CPU.ActiveCfg = Release|Any CPU
		{967F5C60-C30F-4143-AD76-D73393AAE923}.Release|Any CPU.Build.0 = Release|Any CPU
		{9032C331-0F03-4B2D-A6ED-CC49C314DEF7}.Debug|Any CPU.ActiveCfg = Debug|Any CPU
		{9032C331-0F03-4B2D-A6ED-CC49C314DEF7}.Debug|Any CPU.Build.0 = Debug|Any CPU
		{9032C331-0F03-4B2D-A6ED-CC49C314DEF7}.Release|Any CPU.ActiveCfg = Release|Any CPU
		{9032C331-0F03-4B2D-A6ED-CC49C314DEF7}.Release|Any CPU.Build.0 = Release|Any CPU
		{9B3E0039-EC6A-4F0A-81D9-75542345F7E0}.Debug|Any CPU.ActiveCfg = Debug|Any CPU
		{9B3E0039-EC6A-4F0A-81D9-75542345F7E0}.Debug|Any CPU.Build.0 = Debug|Any CPU
		{9B3E0039-EC6A-4F0A-81D9-75542345F7E0}.Release|Any CPU.ActiveCfg = Release|Any CPU
		{9B3E0039-EC6A-4F0A-81D9-75542345F7E0}.Release|Any CPU.Build.0 = Release|Any CPU
		{1E6071A1-27C4-4014-ACFD-B85816E5725A}.Debug|Any CPU.ActiveCfg = Debug|Any CPU
		{1E6071A1-27C4-4014-ACFD-B85816E5725A}.Debug|Any CPU.Build.0 = Debug|Any CPU
		{1E6071A1-27C4-4014-ACFD-B85816E5725A}.Release|Any CPU.ActiveCfg = Release|Any CPU
		{1E6071A1-27C4-4014-ACFD-B85816E5725A}.Release|Any CPU.Build.0 = Release|Any CPU
	EndGlobalSection
	GlobalSection(SolutionProperties) = preSolution
		HideSolutionNode = FALSE
	EndGlobalSection
	GlobalSection(ExtensibilityGlobals) = postSolution
		SolutionGuid = {835A87A0-8554-49E3-9CAA-BFA16E674EB1}
	EndGlobalSection
EndGlobal
